<?xml version="1.0" encoding="utf-8"?>
<Project ToolsVersion="4.0" xmlns="http://schemas.microsoft.com/developer/msbuild/2003">
  <ItemGroup>
    <Filter Include="Miro">
      <UniqueIdentifier>{7C16897C-684D-8A0D-113A-7010FD4F060F}</UniqueIdentifier>
    </Filter>
    <Filter Include="Miro\Events">
      <UniqueIdentifier>{E01E0DCC-4CD4-85C1-D5C8-7F98417D7CC5}</UniqueIdentifier>
    </Filter>
    <Filter Include="Platform">
      <UniqueIdentifier>{2AC788B4-1694-E3BF-3FAD-D1672BD9184E}</UniqueIdentifier>
    </Filter>
    <Filter Include="Platform\Windows">
      <UniqueIdentifier>{64FBD71A-50F4-F66C-7926-DCF1657ED678}</UniqueIdentifier>
    </Filter>
  </ItemGroup>
  <ItemGroup>
    <ClInclude Include="src\Miro.h" />
    <ClInclude Include="src\Miro\Application.h">
      <Filter>Miro</Filter>
    </ClInclude>
    <ClInclude Include="src\Miro\Core.h">
      <Filter>Miro</Filter>
    </ClInclude>
    <ClInclude Include="src\Miro\EntryPoint.h">
      <Filter>Miro</Filter>
    </ClInclude>
    <ClInclude Include="src\Miro\Events\ApplicationEvent.h">
      <Filter>Miro\Events</Filter>
    </ClInclude>
    <ClInclude Include="src\Miro\Events\Event.h">
      <Filter>Miro\Events</Filter>
    </ClInclude>
    <ClInclude Include="src\Miro\Events\KeyEvent.h">
      <Filter>Miro\Events</Filter>
    </ClInclude>
    <ClInclude Include="src\Miro\Events\MouseEvent.h">
      <Filter>Miro\Events</Filter>
    </ClInclude>
    <ClInclude Include="src\Miro\Layer.h">
      <Filter>Miro</Filter>
    </ClInclude>
    <ClInclude Include="src\Miro\LayerStack.h">
      <Filter>Miro</Filter>
    </ClInclude>
    <ClInclude Include="src\Miro\Log.h">
      <Filter>Miro</Filter>
    </ClInclude>
    <ClInclude Include="src\Platform\Windows\WindowsWindow.h">
      <Filter>Platform\Windows</Filter>
    </ClInclude>
    <ClInclude Include="src\Window.h" />
    <ClInclude Include="src\stdafx.h" />
  </ItemGroup>
  <ItemGroup>
    <ClCompile Include="src\Miro\Application.cpp">
      <Filter>Miro</Filter>
    </ClCompile>
    <ClCompile Include="src\Miro\Layer.cpp">
      <Filter>Miro</Filter>
    </ClCompile>
    <ClCompile Include="src\Miro\LayerStack.cpp">
      <Filter>Miro</Filter>
    </ClCompile>
    <ClCompile Include="src\Miro\Log.cpp">
      <Filter>Miro</Filter>
    </ClCompile>
    <ClCompile Include="src\Platform\Windows\WindowsWindow.cpp">
      <Filter>Platform\Windows</Filter>
    </ClCompile>
    <ClCompile Include="src\stdafx.cpp" />
  </ItemGroup>
</Project>